
Microsoft Visual Studio Solution File, Format Version 12.00
# Visual Studio Version 16
VisualStudioVersion = 16.0.32002.261
MinimumVisualStudioVersion = 10.0.40219.1
Project("{FAE04EC0-301F-11D3-BF4B-00C04F79EFBC}") = "01.ConsoleApplication", "Udemy.AsyncProgramming.ConsoleApplication\01.ConsoleApplication.csproj", "{89BBCC61-55C2-41E3-A28B-EAA9948A4BFC}"
EndProject
Project("{FAE04EC0-301F-11D3-BF4B-00C04F79EFBC}") = "02.ConsoleApplication", "02.ConsoleApplication\02.ConsoleApplication.csproj", "{DB962E40-0D8D-4E03-8166-3EC286A7EF0A}"
EndProject
Project("{FAE04EC0-301F-11D3-BF4B-00C04F79EFBC}") = "03.ConsoleApplication", "03.ConsoleApplication\03.ConsoleApplication.csproj", "{7AE5CB25-9010-4CB9-9757-D78ADD4B25A1}"
EndProject
Project("{FAE04EC0-301F-11D3-BF4B-00C04F79EFBC}") = "04.ConsoleApplication", "04.ConsoleApplication\04.ConsoleApplication.csproj", "{79B2252F-4599-4AF5-B4BB-21D2F9081775}"
EndProject
Project("{FAE04EC0-301F-11D3-BF4B-00C04F79EFBC}") = "05.ConsoleApplication", "05.ConsoleApplication\05.ConsoleApplication.csproj", "{7405587C-AFCD-4CE0-A373-275FB21F7AF1}"
EndProject
Project("{FAE04EC0-301F-11D3-BF4B-00C04F79EFBC}") = "06.ConsoleApplication", "06.ConsoleApplication\06.ConsoleApplication.csproj", "{391AA147-2A87-45EF-9FB3-BFA1720C71D6}"
EndProject
Project("{FAE04EC0-301F-11D3-BF4B-00C04F79EFBC}") = "07.ConsoleApplication", "07.ConsoleApplication\07.ConsoleApplication.csproj", "{D73BC95B-D7D9-4F55-B9C7-C1311FB94C00}"
EndProject
Project("{FAE04EC0-301F-11D3-BF4B-00C04F79EFBC}") = "08.ConsoleApplication", "08.ConsoleApplication\08.ConsoleApplication.csproj", "{CB5D7F65-5D07-4E95-89DF-CE16EDC549A7}"
EndProject
Project("{FAE04EC0-301F-11D3-BF4B-00C04F79EFBC}") = "09.ConsoleApplication", "09.ConsoleApplication\09.ConsoleApplication.csproj", "{085B9D2C-AD23-41AE-9D4C-03C1B7CDAD8D}"
EndProject
Project("{FAE04EC0-301F-11D3-BF4B-00C04F79EFBC}") = "10.ConsoleApplication", "10.ConsoleApplication\10.ConsoleApplication.csproj", "{F93D7C87-3142-4DD1-9286-A1CD832F0B67}"
EndProject
Project("{FAE04EC0-301F-11D3-BF4B-00C04F79EFBC}") = "11.ConsoleApplication", "11.ConsoleApplication\11.ConsoleApplication.csproj", "{3F2ACE16-CFC1-4BFB-A784-750156B2F3AE}"
EndProject
Project("{FAE04EC0-301F-11D3-BF4B-00C04F79EFBC}") = "12.ConsoleApplication", "12.ConsoleApplication\12.ConsoleApplication.csproj", "{1AE71E47-E88F-4871-84DA-0AE6D65555FF}"
EndProject
Project("{FAE04EC0-301F-11D3-BF4B-00C04F79EFBC}") = "13.ConsoleApplication", "13.ConsoleApplication\13.ConsoleApplication.csproj", "{A3BADE06-E10F-4898-91F4-16942E8C66E9}"
EndProject
Project("{FAE04EC0-301F-11D3-BF4B-00C04F79EFBC}") = "14.ConsoleApplication", "14.ConsoleApplication\14.ConsoleApplication.csproj", "{8F26FA4F-FC06-4352-B2C7-DA21F630A81F}"
EndProject
Project("{FAE04EC0-301F-11D3-BF4B-00C04F79EFBC}") = "15.ConsoleApplication", "15.ConsoleApplication\15.ConsoleApplication.csproj", "{A040B587-984B-456B-AE22-597DFB5E9F39}"
EndProject
Global
	GlobalSection(SolutionConfigurationPlatforms) = preSolution
		Debug|Any CPU = Debug|Any CPU
		Release|Any CPU = Release|Any CPU
	EndGlobalSection
	GlobalSection(ProjectConfigurationPlatforms) = postSolution
		{89BBCC61-55C2-41E3-A28B-EAA9948A4BFC}.Debug|Any CPU.ActiveCfg = Debug|Any CPU
		{89BBCC61-55C2-41E3-A28B-EAA9948A4BFC}.Debug|Any CPU.Build.0 = Debug|Any CPU
		{89BBCC61-55C2-41E3-A28B-EAA9948A4BFC}.Release|Any CPU.ActiveCfg = Release|Any CPU
		{89BBCC61-55C2-41E3-A28B-EAA9948A4BFC}.Release|Any CPU.Build.0 = Release|Any CPU
		{DB962E40-0D8D-4E03-8166-3EC286A7EF0A}.Debug|Any CPU.ActiveCfg = Debug|Any CPU
		{DB962E40-0D8D-4E03-8166-3EC286A7EF0A}.Debug|Any CPU.Build.0 = Debug|Any CPU
		{DB962E40-0D8D-4E03-8166-3EC286A7EF0A}.Release|Any CPU.ActiveCfg = Release|Any CPU
		{DB962E40-0D8D-4E03-8166-3EC286A7EF0A}.Release|Any CPU.Build.0 = Release|Any CPU
		{7AE5CB25-9010-4CB9-9757-D78ADD4B25A1}.Debug|Any CPU.ActiveCfg = Debug|Any CPU
		{7AE5CB25-9010-4CB9-9757-D78ADD4B25A1}.Debug|Any CPU.Build.0 = Debug|Any CPU
		{7AE5CB25-9010-4CB9-9757-D78ADD4B25A1}.Release|Any CPU.ActiveCfg = Release|Any CPU
		{7AE5CB25-9010-4CB9-9757-D78ADD4B25A1}.Release|Any CPU.Build.0 = Release|Any CPU
		{79B2252F-4599-4AF5-B4BB-21D2F9081775}.Debug|Any CPU.ActiveCfg = Debug|Any CPU
		{79B2252F-4599-4AF5-B4BB-21D2F9081775}.Debug|Any CPU.Build.0 = Debug|Any CPU
		{79B2252F-4599-4AF5-B4BB-21D2F9081775}.Release|Any CPU.ActiveCfg = Release|Any CPU
		{79B2252F-4599-4AF5-B4BB-21D2F9081775}.Release|Any CPU.Build.0 = Release|Any CPU
		{7405587C-AFCD-4CE0-A373-275FB21F7AF1}.Debug|Any CPU.ActiveCfg = Debug|Any CPU
		{7405587C-AFCD-4CE0-A373-275FB21F7AF1}.Debug|Any CPU.Build.0 = Debug|Any CPU
		{7405587C-AFCD-4CE0-A373-275FB21F7AF1}.Release|Any CPU.ActiveCfg = Release|Any CPU
		{7405587C-AFCD-4CE0-A373-275FB21F7AF1}.Release|Any CPU.Build.0 = Release|Any CPU
		{391AA147-2A87-45EF-9FB3-BFA1720C71D6}.Debug|Any CPU.ActiveCfg = Debug|Any CPU
		{391AA147-2A87-45EF-9FB3-BFA1720C71D6}.Debug|Any CPU.Build.0 = Debug|Any CPU
		{391AA147-2A87-45EF-9FB3-BFA1720C71D6}.Release|Any CPU.ActiveCfg = Release|Any CPU
		{391AA147-2A87-45EF-9FB3-BFA1720C71D6}.Release|Any CPU.Build.0 = Release|Any CPU
		{D73BC95B-D7D9-4F55-B9C7-C1311FB94C00}.Debug|Any CPU.ActiveCfg = Debug|Any CPU
		{D73BC95B-D7D9-4F55-B9C7-C1311FB94C00}.Debug|Any CPU.Build.0 = Debug|Any CPU
		{D73BC95B-D7D9-4F55-B9C7-C1311FB94C00}.Release|Any CPU.ActiveCfg = Release|Any CPU
		{D73BC95B-D7D9-4F55-B9C7-C1311FB94C00}.Release|Any CPU.Build.0 = Release|Any CPU
		{CB5D7F65-5D07-4E95-89DF-CE16EDC549A7}.Debug|Any CPU.ActiveCfg = Debug|Any CPU
		{CB5D7F65-5D07-4E95-89DF-CE16EDC549A7}.Debug|Any CPU.Build.0 = Debug|Any CPU
		{CB5D7F65-5D07-4E95-89DF-CE16EDC549A7}.Release|Any CPU.ActiveCfg = Release|Any CPU
		{CB5D7F65-5D07-4E95-89DF-CE16EDC549A7}.Release|Any CPU.Build.0 = Release|Any CPU
		{085B9D2C-AD23-41AE-9D4C-03C1B7CDAD8D}.Debug|Any CPU.ActiveCfg = Debug|Any CPU
		{085B9D2C-AD23-41AE-9D4C-03C1B7CDAD8D}.Debug|Any CPU.Build.0 = Debug|Any CPU
		{085B9D2C-AD23-41AE-9D4C-03C1B7CDAD8D}.Release|Any CPU.ActiveCfg = Release|Any CPU
		{085B9D2C-AD23-41AE-9D4C-03C1B7CDAD8D}.Release|Any CPU.Build.0 = Release|Any CPU
		{F93D7C87-3142-4DD1-9286-A1CD832F0B67}.Debug|Any CPU.ActiveCfg = Debug|Any CPU
		{F93D7C87-3142-4DD1-9286-A1CD832F0B67}.Debug|Any CPU.Build.0 = Debug|Any CPU
		{F93D7C87-3142-4DD1-9286-A1CD832F0B67}.Release|Any CPU.ActiveCfg = Release|Any CPU
		{F93D7C87-3142-4DD1-9286-A1CD832F0B67}.Release|Any CPU.Build.0 = Release|Any CPU
		{3F2ACE16-CFC1-4BFB-A784-750156B2F3AE}.Debug|Any CPU.ActiveCfg = Debug|Any CPU
		{3F2ACE16-CFC1-4BFB-A784-750156B2F3AE}.Debug|Any CPU.Build.0 = Debug|Any CPU
		{3F2ACE16-CFC1-4BFB-A784-750156B2F3AE}.Release|Any CPU.ActiveCfg = Release|Any CPU
		{3F2ACE16-CFC1-4BFB-A784-750156B2F3AE}.Release|Any CPU.Build.0 = Release|Any CPU
		{1AE71E47-E88F-4871-84DA-0AE6D65555FF}.Debug|Any CPU.ActiveCfg = Debug|Any CPU
		{1AE71E47-E88F-4871-84DA-0AE6D65555FF}.Debug|Any CPU.Build.0 = Debug|Any CPU
		{1AE71E47-E88F-4871-84DA-0AE6D65555FF}.Release|Any CPU.ActiveCfg = Release|Any CPU
		{1AE71E47-E88F-4871-84DA-0AE6D65555FF}.Release|Any CPU.Build.0 = Release|Any CPU
		{A3BADE06-E10F-4898-91F4-16942E8C66E9}.Debug|Any CPU.ActiveCfg = Debug|Any CPU
		{A3BADE06-E10F-4898-91F4-16942E8C66E9}.Debug|Any CPU.Build.0 = Debug|Any CPU
		{A3BADE06-E10F-4898-91F4-16942E8C66E9}.Release|Any CPU.ActiveCfg = Release|Any CPU
		{A3BADE06-E10F-4898-91F4-16942E8C66E9}.Release|Any CPU.Build.0 = Release|Any CPU
		{8F26FA4F-FC06-4352-B2C7-DA21F630A81F}.Debug|Any CPU.ActiveCfg = Debug|Any CPU
		{8F26FA4F-FC06-4352-B2C7-DA21F630A81F}.Debug|Any CPU.Build.0 = Debug|Any CPU
		{8F26FA4F-FC06-4352-B2C7-DA21F630A81F}.Release|Any CPU.ActiveCfg = Release|Any CPU
		{8F26FA4F-FC06-4352-B2C7-DA21F630A81F}.Release|Any CPU.Build.0 = Release|Any CPU
		{A040B587-984B-456B-AE22-597DFB5E9F39}.Debug|Any CPU.ActiveCfg = Debug|Any CPU
		{A040B587-984B-456B-AE22-597DFB5E9F39}.Debug|Any CPU.Build.0 = Debug|Any CPU
		{A040B587-984B-456B-AE22-597DFB5E9F39}.Release|Any CPU.ActiveCfg = Release|Any CPU
		{A040B587-984B-456B-AE22-597DFB5E9F39}.Release|Any CPU.Build.0 = Release|Any CPU
	EndGlobalSection
	GlobalSection(SolutionProperties) = preSolution
		HideSolutionNode = FALSE
	EndGlobalSection
	GlobalSection(ExtensibilityGlobals) = postSolution
		SolutionGuid = {BAF06DED-F32D-45CF-B9BC-BD0149F90781}
	EndGlobalSection
EndGlobal
